
Microsoft Visual Studio Solution File, Format Version 12.00
# Visual Studio Version 17
VisualStudioVersion = 17.4.33122.133
MinimumVisualStudioVersion = 10.0.40219.1
Project("{FAE04EC0-301F-11D3-BF4B-00C04F79EFBC}") = "PRACTICA 1 (FORM)", "PRACTICA 1 (FORM)\PRACTICA 1 (FORM).csproj", "{6F927ED6-76BF-44F7-86FA-0BF7D6D0CD2C}"
EndProject
Project("{FAE04EC0-301F-11D3-BF4B-00C04F79EFBC}") = "AplicacionWindows", "AplicacionWindows\AplicacionWindows.csproj", "{DADA8E90-ADB9-4835-A9A1-0E8AC202EF89}"
EndProject
Global
	GlobalSection(SolutionConfigurationPlatforms) = preSolution
		Debug|Any CPU = Debug|Any CPU
		Release|Any CPU = Release|Any CPU
	EndGlobalSection
	GlobalSection(ProjectConfigurationPlatforms) = postSolution
		{6F927ED6-76BF-44F7-86FA-0BF7D6D0CD2C}.Debug|Any CPU.ActiveCfg = Debug|Any CPU
		{6F927ED6-76BF-44F7-86FA-0BF7D6D0CD2C}.Debug|Any CPU.Build.0 = Debug|Any CPU
		{6F927ED6-76BF-44F7-86FA-0BF7D6D0CD2C}.Release|Any CPU.ActiveCfg = Release|Any CPU
		{6F927ED6-76BF-44F7-86FA-0BF7D6D0CD2C}.Release|Any CPU.Build.0 = Release|Any CPU
		{DADA8E90-ADB9-4835-A9A1-0E8AC202EF89}.Debug|Any CPU.ActiveCfg = Debug|Any CPU
		{DADA8E90-ADB9-4835-A9A1-0E8AC202EF89}.Debug|Any CPU.Build.0 = Debug|Any CPU
		{DADA8E90-ADB9-4835-A9A1-0E8AC202EF89}.Release|Any CPU.ActiveCfg = Release|Any CPU
		{DADA8E90-ADB9-4835-A9A1-0E8AC202EF89}.Release|Any CPU.Build.0 = Release|Any CPU
	EndGlobalSection
	GlobalSection(SolutionProperties) = preSolution
		HideSolutionNode = FALSE
	EndGlobalSection
	GlobalSection(ExtensibilityGlobals) = postSolution
		SolutionGuid = {F5E910BC-35D1-4AAC-8A1D-4BC515DB36B7}
	EndGlobalSection
EndGlobal
