
Microsoft Visual Studio Solution File, Format Version 12.00
# Visual Studio Version 17
VisualStudioVersion = 17.4.33122.133
MinimumVisualStudioVersion = 10.0.40219.1
Project("{FAE04EC0-301F-11D3-BF4B-00C04F79EFBC}") = "ejemplo1", "ejemplo1\ejemplo1.csproj", "{FAF07AF2-6B09-4320-B0DD-8CE048656051}"
EndProject
Project("{FAE04EC0-301F-11D3-BF4B-00C04F79EFBC}") = "Ejemplo2", "Ejemplo2\Ejemplo2.csproj", "{19883BAC-67D2-4FCC-A1A5-CEDBD9E0CCB4}"
EndProject
Global
	GlobalSection(SolutionConfigurationPlatforms) = preSolution
		Debug|Any CPU = Debug|Any CPU
		Release|Any CPU = Release|Any CPU
	EndGlobalSection
	GlobalSection(ProjectConfigurationPlatforms) = postSolution
		{FAF07AF2-6B09-4320-B0DD-8CE048656051}.Debug|Any CPU.ActiveCfg = Debug|Any CPU
		{FAF07AF2-6B09-4320-B0DD-8CE048656051}.Debug|Any CPU.Build.0 = Debug|Any CPU
		{FAF07AF2-6B09-4320-B0DD-8CE048656051}.Release|Any CPU.ActiveCfg = Release|Any CPU
		{FAF07AF2-6B09-4320-B0DD-8CE048656051}.Release|Any CPU.Build.0 = Release|Any CPU
		{19883BAC-67D2-4FCC-A1A5-CEDBD9E0CCB4}.Debug|Any CPU.ActiveCfg = Debug|Any CPU
		{19883BAC-67D2-4FCC-A1A5-CEDBD9E0CCB4}.Debug|Any CPU.Build.0 = Debug|Any CPU
		{19883BAC-67D2-4FCC-A1A5-CEDBD9E0CCB4}.Release|Any CPU.ActiveCfg = Release|Any CPU
		{19883BAC-67D2-4FCC-A1A5-CEDBD9E0CCB4}.Release|Any CPU.Build.0 = Release|Any CPU
	EndGlobalSection
	GlobalSection(SolutionProperties) = preSolution
		HideSolutionNode = FALSE
	EndGlobalSection
	GlobalSection(ExtensibilityGlobals) = postSolution
		SolutionGuid = {0239D6FE-08C7-441C-A9A4-8FA6B6AFA29A}
	EndGlobalSection
EndGlobal
